// !$*UTF8*$!
{
	archiveVersion = 1;
	classes = {
	};
	objectVersion = 50;
	objects = {

/* Begin PBXBuildFile section */
		FC224FBE25FED505000079E5 /* RefeicoesTableViewController.swift in Sources */ = {isa = PBXBuildFile; fileRef = FC224FBD25FED505000079E5 /* RefeicoesTableViewController.swift */; };
		FC224FC1260026D5000079E5 /* AdicionarItensViewController.swift in Sources */ = {isa = PBXBuildFile; fileRef = FC224FBF260026D5000079E5 /* AdicionarItensViewController.swift */; };
		FC224FC2260026D5000079E5 /* AdicionarItensViewController.xib in Resources */ = {isa = PBXBuildFile; fileRef = FC224FC0260026D5000079E5 /* AdicionarItensViewController.xib */; };
		FC3187312602789600B6F3D7 /* Alerta.swift in Sources */ = {isa = PBXBuildFile; fileRef = FC3187302602789600B6F3D7 /* Alerta.swift */; };
		FC3187332602A4EB00B6F3D7 /* RemoveRefeicaoViewController.swift in Sources */ = {isa = PBXBuildFile; fileRef = FC3187322602A4EB00B6F3D7 /* RemoveRefeicaoViewController.swift */; };
		FC3187352602C9FA00B6F3D7 /* RefeicaoDao.swift in Sources */ = {isa = PBXBuildFile; fileRef = FC3187342602C9FA00B6F3D7 /* RefeicaoDao.swift */; };
		FC3187372602CCFB00B6F3D7 /* ItemDao.swift in Sources */ = {isa = PBXBuildFile; fileRef = FC3187362602CCFB00B6F3D7 /* ItemDao.swift */; };
		FC5DF78D25FD285E00A4EB0C /* AppDelegate.swift in Sources */ = {isa = PBXBuildFile; fileRef = FC5DF78C25FD285E00A4EB0C /* AppDelegate.swift */; };
		FC5DF78F25FD285E00A4EB0C /* ViewController.swift in Sources */ = {isa = PBXBuildFile; fileRef = FC5DF78E25FD285E00A4EB0C /* ViewController.swift */; };
		FC5DF79225FD285E00A4EB0C /* Main.storyboard in Resources */ = {isa = PBXBuildFile; fileRef = FC5DF79025FD285E00A4EB0C /* Main.storyboard */; };
		FC5DF79425FD286000A4EB0C /* Assets.xcassets in Resources */ = {isa = PBXBuildFile; fileRef = FC5DF79325FD286000A4EB0C /* Assets.xcassets */; };
		FC5DF79725FD286000A4EB0C /* LaunchScreen.storyboard in Resources */ = {isa = PBXBuildFile; fileRef = FC5DF79525FD286000A4EB0C /* LaunchScreen.storyboard */; };
		FCAEFF1C25FE6CBC00858CC4 /* Refeicao.swift in Sources */ = {isa = PBXBuildFile; fileRef = FCAEFF1B25FE6CBC00858CC4 /* Refeicao.swift */; };
		FCAEFF1E25FE6D5B00858CC4 /* Item.swift in Sources */ = {isa = PBXBuildFile; fileRef = FCAEFF1D25FE6D5B00858CC4 /* Item.swift */; };
/* End PBXBuildFile section */

/* Begin PBXFileReference section */
		FC224FBD25FED505000079E5 /* RefeicoesTableViewController.swift */ = {isa = PBXFileReference; lastKnownFileType = sourcecode.swift; path = RefeicoesTableViewController.swift; sourceTree = "<group>"; };
		FC224FBF260026D5000079E5 /* AdicionarItensViewController.swift */ = {isa = PBXFileReference; lastKnownFileType = sourcecode.swift; path = AdicionarItensViewController.swift; sourceTree = "<group>"; };
		FC224FC0260026D5000079E5 /* AdicionarItensViewController.xib */ = {isa = PBXFileReference; lastKnownFileType = file.xib; path = AdicionarItensViewController.xib; sourceTree = "<group>"; };
		FC3187302602789600B6F3D7 /* Alerta.swift */ = {isa = PBXFileReference; lastKnownFileType = sourcecode.swift; path = Alerta.swift; sourceTree = "<group>"; };
		FC3187322602A4EB00B6F3D7 /* RemoveRefeicaoViewController.swift */ = {isa = PBXFileReference; lastKnownFileType = sourcecode.swift; path = RemoveRefeicaoViewController.swift; sourceTree = "<group>"; };
		FC3187342602C9FA00B6F3D7 /* RefeicaoDao.swift */ = {isa = PBXFileReference; lastKnownFileType = sourcecode.swift; path = RefeicaoDao.swift; sourceTree = "<group>"; };
		FC3187362602CCFB00B6F3D7 /* ItemDao.swift */ = {isa = PBXFileReference; lastKnownFileType = sourcecode.swift; path = ItemDao.swift; sourceTree = "<group>"; };
		FC5DF78925FD285E00A4EB0C /* eggplant-brownie.app */ = {isa = PBXFileReference; explicitFileType = wrapper.application; includeInIndex = 0; path = "eggplant-brownie.app"; sourceTree = BUILT_PRODUCTS_DIR; };
		FC5DF78C25FD285E00A4EB0C /* AppDelegate.swift */ = {isa = PBXFileReference; lastKnownFileType = sourcecode.swift; path = AppDelegate.swift; sourceTree = "<group>"; };
		FC5DF78E25FD285E00A4EB0C /* ViewController.swift */ = {isa = PBXFileReference; lastKnownFileType = sourcecode.swift; path = ViewController.swift; sourceTree = "<group>"; };
		FC5DF79125FD285E00A4EB0C /* Base */ = {isa = PBXFileReference; lastKnownFileType = file.storyboard; name = Base; path = Base.lproj/Main.storyboard; sourceTree = "<group>"; };
		FC5DF79325FD286000A4EB0C /* Assets.xcassets */ = {isa = PBXFileReference; lastKnownFileType = folder.assetcatalog; path = Assets.xcassets; sourceTree = "<group>"; };
		FC5DF79625FD286000A4EB0C /* Base */ = {isa = PBXFileReference; lastKnownFileType = file.storyboard; name = Base; path = Base.lproj/LaunchScreen.storyboard; sourceTree = "<group>"; };
		FC5DF79825FD286000A4EB0C /* Info.plist */ = {isa = PBXFileReference; lastKnownFileType = text.plist.xml; path = Info.plist; sourceTree = "<group>"; };
		FC5DF79E25FD42CC00A4EB0C /* MyPlayground.playground */ = {isa = PBXFileReference; lastKnownFileType = file.playground; name = MyPlayground.playground; path = ../../MyPlayground.playground; sourceTree = "<group>"; xcLanguageSpecificationIdentifier = xcode.lang.swift; };
		FCAEFF1B25FE6CBC00858CC4 /* Refeicao.swift */ = {isa = PBXFileReference; lastKnownFileType = sourcecode.swift; path = Refeicao.swift; sourceTree = "<group>"; };
		FCAEFF1D25FE6D5B00858CC4 /* Item.swift */ = {isa = PBXFileReference; lastKnownFileType = sourcecode.swift; path = Item.swift; sourceTree = "<group>"; };
/* End PBXFileReference section */

/* Begin PBXFrameworksBuildPhase section */
		FC5DF78625FD285E00A4EB0C /* Frameworks */ = {
			isa = PBXFrameworksBuildPhase;
			buildActionMask = 2147483647;
			files = (
			);
			runOnlyForDeploymentPostprocessing = 0;
		};
/* End PBXFrameworksBuildPhase section */

/* Begin PBXGroup section */
		FC5DF78025FD285E00A4EB0C = {
			isa = PBXGroup;
			children = (
				FC5DF78B25FD285E00A4EB0C /* eggplant-brownie */,
				FC5DF78A25FD285E00A4EB0C /* Products */,
			);
			sourceTree = "<group>";
		};
		FC5DF78A25FD285E00A4EB0C /* Products */ = {
			isa = PBXGroup;
			children = (
				FC5DF78925FD285E00A4EB0C /* eggplant-brownie.app */,
			);
			name = Products;
			sourceTree = "<group>";
		};
		FC5DF78B25FD285E00A4EB0C /* eggplant-brownie */ = {
			isa = PBXGroup;
			children = (
				FC5DF78C25FD285E00A4EB0C /* AppDelegate.swift */,
				FCAEFF1F25FE6E6100858CC4 /* Models */,
				FCAEFF2125FE6ED700858CC4 /* Views */,
				FCAEFF2025FE6EAD00858CC4 /* Controllers */,
				FC5DF79325FD286000A4EB0C /* Assets.xcassets */,
				FC5DF79E25FD42CC00A4EB0C /* MyPlayground.playground */,
				FC5DF79525FD286000A4EB0C /* LaunchScreen.storyboard */,
				FC5DF79825FD286000A4EB0C /* Info.plist */,
			);
			path = "eggplant-brownie";
			sourceTree = "<group>";
		};
		FCAEFF1F25FE6E6100858CC4 /* Models */ = {
			isa = PBXGroup;
			children = (
				FCAEFF1B25FE6CBC00858CC4 /* Refeicao.swift */,
				FCAEFF1D25FE6D5B00858CC4 /* Item.swift */,
				FC3187302602789600B6F3D7 /* Alerta.swift */,
				FC3187342602C9FA00B6F3D7 /* RefeicaoDao.swift */,
				FC3187362602CCFB00B6F3D7 /* ItemDao.swift */,
			);
			path = Models;
			sourceTree = "<group>";
		};
		FCAEFF2025FE6EAD00858CC4 /* Controllers */ = {
			isa = PBXGroup;
			children = (
				FC5DF78E25FD285E00A4EB0C /* ViewController.swift */,
				FC224FBD25FED505000079E5 /* RefeicoesTableViewController.swift */,
				FC224FBF260026D5000079E5 /* AdicionarItensViewController.swift */,
				FC3187322602A4EB00B6F3D7 /* RemoveRefeicaoViewController.swift */,
			);
			path = Controllers;
			sourceTree = "<group>";
		};
		FCAEFF2125FE6ED700858CC4 /* Views */ = {
			isa = PBXGroup;
			children = (
				FC5DF79025FD285E00A4EB0C /* Main.storyboard */,
				FC224FC0260026D5000079E5 /* AdicionarItensViewController.xib */,
			);
			path = Views;
			sourceTree = "<group>";
		};
/* End PBXGroup section */

/* Begin PBXNativeTarget section */
		FC5DF78825FD285E00A4EB0C /* eggplant-brownie */ = {
			isa = PBXNativeTarget;
			buildConfigurationList = FC5DF79B25FD286000A4EB0C /* Build configuration list for PBXNativeTarget "eggplant-brownie" */;
			buildPhases = (
				FC5DF78525FD285E00A4EB0C /* Sources */,
				FC5DF78625FD285E00A4EB0C /* Frameworks */,
				FC5DF78725FD285E00A4EB0C /* Resources */,
			);
			buildRules = (
			);
			dependencies = (
			);
			name = "eggplant-brownie";
			productName = "eggplant-brownie";
			productReference = FC5DF78925FD285E00A4EB0C /* eggplant-brownie.app */;
			productType = "com.apple.product-type.application";
		};
/* End PBXNativeTarget section */

/* Begin PBXProject section */
		FC5DF78125FD285E00A4EB0C /* Project object */ = {
			isa = PBXProject;
			attributes = {
				LastSwiftUpdateCheck = 1010;
				LastUpgradeCheck = 1010;
				ORGANIZATIONNAME = Alura;
				TargetAttributes = {
					FC5DF78825FD285E00A4EB0C = {
						CreatedOnToolsVersion = 10.1;
					};
				};
			};
			buildConfigurationList = FC5DF78425FD285E00A4EB0C /* Build configuration list for PBXProject "eggplant-brownie" */;
			compatibilityVersion = "Xcode 9.3";
			developmentRegion = en;
			hasScannedForEncodings = 0;
			knownRegions = (
				en,
				Base,
			);
			mainGroup = FC5DF78025FD285E00A4EB0C;
			productRefGroup = FC5DF78A25FD285E00A4EB0C /* Products */;
			projectDirPath = "";
			projectRoot = "";
			targets = (
				FC5DF78825FD285E00A4EB0C /* eggplant-brownie */,
			);
		};
/* End PBXProject section */

/* Begin PBXResourcesBuildPhase section */
		FC5DF78725FD285E00A4EB0C /* Resources */ = {
			isa = PBXResourcesBuildPhase;
			buildActionMask = 2147483647;
			files = (
				FC5DF79725FD286000A4EB0C /* LaunchScreen.storyboard in Resources */,
				FC5DF79425FD286000A4EB0C /* Assets.xcassets in Resources */,
				FC224FC2260026D5000079E5 /* AdicionarItensViewController.xib in Resources */,
				FC5DF79225FD285E00A4EB0C /* Main.storyboard in Resources */,
			);
			runOnlyForDeploymentPostprocessing = 0;
		};
/* End PBXResourcesBuildPhase section */

/* Begin PBXSourcesBuildPhase section */
		FC5DF78525FD285E00A4EB0C /* Sources */ = {
			isa = PBXSourcesBuildPhase;
			buildActionMask = 2147483647;
			files = (
				FC3187332602A4EB00B6F3D7 /* RemoveRefeicaoViewController.swift in Sources */,
				FCAEFF1E25FE6D5B00858CC4 /* Item.swift in Sources */,
				FC224FC1260026D5000079E5 /* AdicionarItensViewController.swift in Sources */,
				FC3187352602C9FA00B6F3D7 /* RefeicaoDao.swift in Sources */,
				FC5DF78F25FD285E00A4EB0C /* ViewController.swift in Sources */,
				FC3187372602CCFB00B6F3D7 /* ItemDao.swift in Sources */,
				FC224FBE25FED505000079E5 /* RefeicoesTableViewController.swift in Sources */,
				FCAEFF1C25FE6CBC00858CC4 /* Refeicao.swift in Sources */,
				FC5DF78D25FD285E00A4EB0C /* AppDelegate.swift in Sources */,
				FC3187312602789600B6F3D7 /* Alerta.swift in Sources */,
			);
			runOnlyForDeploymentPostprocessing = 0;
		};
/* End PBXSourcesBuildPhase section */

/* Begin PBXVariantGroup section */
		FC5DF79025FD285E00A4EB0C /* Main.storyboard */ = {
			isa = PBXVariantGroup;
			children = (
				FC5DF79125FD285E00A4EB0C /* Base */,
			);
			name = Main.storyboard;
			sourceTree = "<group>";
		};
		FC5DF79525FD286000A4EB0C /* LaunchScreen.storyboard */ = {
			isa = PBXVariantGroup;
			children = (
				FC5DF79625FD286000A4EB0C /* Base */,
			);
			name = LaunchScreen.storyboard;
			sourceTree = "<group>";
		};
/* End PBXVariantGroup section */

/* Begin XCBuildConfiguration section */
		FC5DF79925FD286000A4EB0C /* Debug */ = {
			isa = XCBuildConfiguration;
			buildSettings = {
				ALWAYS_SEARCH_USER_PATHS = NO;
				CLANG_ANALYZER_NONNULL = YES;
				CLANG_ANALYZER_NUMBER_OBJECT_CONVERSION = YES_AGGRESSIVE;
				CLANG_CXX_LANGUAGE_STANDARD = "gnu++14";
				CLANG_CXX_LIBRARY = "libc++";
				CLANG_ENABLE_MODULES = YES;
				CLANG_ENABLE_OBJC_ARC = YES;
				CLANG_ENABLE_OBJC_WEAK = YES;
				CLANG_WARN_BLOCK_CAPTURE_AUTORELEASING = YES;
				CLANG_WARN_BOOL_CONVERSION = YES;
				CLANG_WARN_COMMA = YES;
				CLANG_WARN_CONSTANT_CONVERSION = YES;
				CLANG_WARN_DEPRECATED_OBJC_IMPLEMENTATIONS = YES;
				CLANG_WARN_DIRECT_OBJC_ISA_USAGE = YES_ERROR;
				CLANG_WARN_DOCUMENTATION_COMMENTS = YES;
				CLANG_WARN_EMPTY_BODY = YES;
				CLANG_WARN_ENUM_CONVERSION = YES;
				CLANG_WARN_INFINITE_RECURSION = YES;
				CLANG_WARN_INT_CONVERSION = YES;
				CLANG_WARN_NON_LITERAL_NULL_CONVERSION = YES;
				CLANG_WARN_OBJC_IMPLICIT_RETAIN_SELF = YES;
				CLANG_WARN_OBJC_LITERAL_CONVERSION = YES;
				CLANG_WARN_OBJC_ROOT_CLASS = YES_ERROR;
				CLANG_WARN_RANGE_LOOP_ANALYSIS = YES;
				CLANG_WARN_STRICT_PROTOTYPES = YES;
				CLANG_WARN_SUSPICIOUS_MOVE = YES;
				CLANG_WARN_UNGUARDED_AVAILABILITY = YES_AGGRESSIVE;
				CLANG_WARN_UNREACHABLE_CODE = YES;
				CLANG_WARN__DUPLICATE_METHOD_MATCH = YES;
				CODE_SIGN_IDENTITY = "iPhone Developer";
				COPY_PHASE_STRIP = NO;
				DEBUG_INFORMATION_FORMAT = dwarf;
				ENABLE_STRICT_OBJC_MSGSEND = YES;
				ENABLE_TESTABILITY = YES;
				GCC_C_LANGUAGE_STANDARD = gnu11;
				GCC_DYNAMIC_NO_PIC = NO;
				GCC_NO_COMMON_BLOCKS = YES;
				GCC_OPTIMIZATION_LEVEL = 0;
				GCC_PREPROCESSOR_DEFINITIONS = (
					"DEBUG=1",
					"$(inherited)",
				);
				GCC_WARN_64_TO_32_BIT_CONVERSION = YES;
				GCC_WARN_ABOUT_RETURN_TYPE = YES_ERROR;
				GCC_WARN_UNDECLARED_SELECTOR = YES;
				GCC_WARN_UNINITIALIZED_AUTOS = YES_AGGRESSIVE;
				GCC_WARN_UNUSED_FUNCTION = YES;
				GCC_WARN_UNUSED_VARIABLE = YES;
				IPHONEOS_DEPLOYMENT_TARGET = 12.1;
				MTL_ENABLE_DEBUG_INFO = INCLUDE_SOURCE;
				MTL_FAST_MATH = YES;
				ONLY_ACTIVE_ARCH = YES;
				SDKROOT = iphoneos;
				SWIFT_ACTIVE_COMPILATION_CONDITIONS = DEBUG;
				SWIFT_OPTIMIZATION_LEVEL = "-Onone";
			};
			name = Debug;
		};
		FC5DF79A25FD286000A4EB0C /* Release */ = {
			isa = XCBuildConfiguration;
			buildSettings = {
				ALWAYS_SEARCH_USER_PATHS = NO;
				CLANG_ANALYZER_NONNULL = YES;
				CLANG_ANALYZER_NUMBER_OBJECT_CONVERSION = YES_AGGRESSIVE;
				CLANG_CXX_LANGUAGE_STANDARD = "gnu++14";
				CLANG_CXX_LIBRARY = "libc++";
				CLANG_ENABLE_MODULES = YES;
				CLANG_ENABLE_OBJC_ARC = YES;
				CLANG_ENABLE_OBJC_WEAK = YES;
				CLANG_WARN_BLOCK_CAPTURE_AUTORELEASING = YES;
				CLANG_WARN_BOOL_CONVERSION = YES;
				CLANG_WARN_COMMA = YES;
				CLANG_WARN_CONSTANT_CONVERSION = YES;
				CLANG_WARN_DEPRECATED_OBJC_IMPLEMENTATIONS = YES;
				CLANG_WARN_DIRECT_OBJC_ISA_USAGE = YES_ERROR;
				CLANG_WARN_DOCUMENTATION_COMMENTS = YES;
				CLANG_WARN_EMPTY_BODY = YES;
				CLANG_WARN_ENUM_CONVERSION = YES;
				CLANG_WARN_INFINITE_RECURSION = YES;
				CLANG_WARN_INT_CONVERSION = YES;
				CLANG_WARN_NON_LITERAL_NULL_CONVERSION = YES;
				CLANG_WARN_OBJC_IMPLICIT_RETAIN_SELF = YES;
				CLANG_WARN_OBJC_LITERAL_CONVERSION = YES;
				CLANG_WARN_OBJC_ROOT_CLASS = YES_ERROR;
				CLANG_WARN_RANGE_LOOP_ANALYSIS = YES;
				CLANG_WARN_STRICT_PROTOTYPES = YES;
				CLANG_WARN_SUSPICIOUS_MOVE = YES;
				CLANG_WARN_UNGUARDED_AVAILABILITY = YES_AGGRESSIVE;
				CLANG_WARN_UNREACHABLE_CODE = YES;
				CLANG_WARN__DUPLICATE_METHOD_MATCH = YES;
				CODE_SIGN_IDENTITY = "iPhone Developer";
				COPY_PHASE_STRIP = NO;
				DEBUG_INFORMATION_FORMAT = "dwarf-with-dsym";
				ENABLE_NS_ASSERTIONS = NO;
				ENABLE_STRICT_OBJC_MSGSEND = YES;
				GCC_C_LANGUAGE_STANDARD = gnu11;
				GCC_NO_COMMON_BLOCKS = YES;
				GCC_WARN_64_TO_32_BIT_CONVERSION = YES;
				GCC_WARN_ABOUT_RETURN_TYPE = YES_ERROR;
				GCC_WARN_UNDECLARED_SELECTOR = YES;
				GCC_WARN_UNINITIALIZED_AUTOS = YES_AGGRESSIVE;
				GCC_WARN_UNUSED_FUNCTION = YES;
				GCC_WARN_UNUSED_VARIABLE = YES;
				IPHONEOS_DEPLOYMENT_TARGET = 12.1;
				MTL_ENABLE_DEBUG_INFO = NO;
				MTL_FAST_MATH = YES;
				SDKROOT = iphoneos;
				SWIFT_COMPILATION_MODE = wholemodule;
				SWIFT_OPTIMIZATION_LEVEL = "-O";
				VALIDATE_PRODUCT = YES;
			};
			name = Release;
		};
		FC5DF79C25FD286000A4EB0C /* Debug */ = {
			isa = XCBuildConfiguration;
			buildSettings = {
				ASSETCATALOG_COMPILER_APPICON_NAME = AppIcon;
				CODE_SIGN_STYLE = Automatic;
				INFOPLIST_FILE = "eggplant-brownie/Info.plist";
				LD_RUNPATH_SEARCH_PATHS = (
					"$(inherited)",
					"@executable_path/Frameworks",
				);
				PRODUCT_BUNDLE_IDENTIFIER = "br.com.alura.eggplant-brownie";
				PRODUCT_NAME = "$(TARGET_NAME)";
				SWIFT_VERSION = 4.2;
				TARGETED_DEVICE_FAMILY = "1,2";
			};
			name = Debug;
		};
		FC5DF79D25FD286000A4EB0C /* Release */ = {
			isa = XCBuildConfiguration;
			buildSettings = {
				ASSETCATALOG_COMPILER_APPICON_NAME = AppIcon;
				CODE_SIGN_STYLE = Automatic;
				INFOPLIST_FILE = "eggplant-brownie/Info.plist";
				LD_RUNPATH_SEARCH_PATHS = (
					"$(inherited)",
					"@executable_path/Frameworks",
				);
				PRODUCT_BUNDLE_IDENTIFIER = "br.com.alura.eggplant-brownie";
				PRODUCT_NAME = "$(TARGET_NAME)";
				SWIFT_VERSION = 4.2;
				TARGETED_DEVICE_FAMILY = "1,2";
			};
			name = Release;
		};
/* End XCBuildConfiguration section */

/* Begin XCConfigurationList section */
		FC5DF78425FD285E00A4EB0C /* Build configuration list for PBXProject "eggplant-brownie" */ = {
			isa = XCConfigurationList;
			buildConfigurations = (
				FC5DF79925FD286000A4EB0C /* Debug */,
				FC5DF79A25FD286000A4EB0C /* Release */,
			);
			defaultConfigurationIsVisible = 0;
			defaultConfigurationName = Release;
		};
		FC5DF79B25FD286000A4EB0C /* Build configuration list for PBXNativeTarget "eggplant-brownie" */ = {
			isa = XCConfigurationList;
			buildConfigurations = (
				FC5DF79C25FD286000A4EB0C /* Debug */,
				FC5DF79D25FD286000A4EB0C /* Release */,
			);
			defaultConfigurationIsVisible = 0;
			defaultConfigurationName = Release;
		};
/* End XCConfigurationList section */
	};
	rootObject = FC5DF78125FD285E00A4EB0C /* Project object */;
}
